PODS:
  - SnapKit (5.6.0)
  - VerifyBlocSDK (0.1.0)

DEPENDENCIES:
  - SnapKit
  - VerifyBlocSDK (from `../`)

SPEC REPOS:
  trunk:
    - SnapKit

EXTERNAL SOURCES:
  VerifyBlocSDK:
    :path: "../"

SPEC CHECKSUMS:
  SnapKit: e01d52ebb8ddbc333eefe2132acf85c8227d9c25
  VerifyBlocSDK: 067a7e8d68ae2ed884b73569e771b00ddd3a4bd1

PODFILE CHECKSUM: 4a1e4be828aa3379ab91634e38f7921873f85cdb

COCOAPODS: 1.11.3
